
Microsoft Visual Studio Solution File, Format Version 12.00
# Visual Studio Version 17
VisualStudioVersion = 17.9.34723.18
MinimumVisualStudioVersion = 10.0.40219.1
Project("{9A19103F-16F7-4668-BE54-9A1E7A4F7556}") = "EmailProvider_Rika_V2", "EmailProvider_Rika_V2\EmailProvider_Rika_V2.csproj", "{60DA576F-7BE8-45D1-84E5-056018940EF8}"
EndProject
Project("{FAE04EC0-301F-11D3-BF4B-00C04F79EFBC}") = "EmailProvider.Tests", "EmailProvider.Tests\EmailProvider.Tests.csproj", "{54093070-6811-4D1F-B4F6-A7D5C4ADDA02}"
EndProject
Global
	GlobalSection(SolutionConfigurationPlatforms) = preSolution
		Debug|Any CPU = Debug|Any CPU
		Release|Any CPU = Release|Any CPU
	EndGlobalSection
	GlobalSection(ProjectConfigurationPlatforms) = postSolution
		{60DA576F-7BE8-45D1-84E5-056018940EF8}.Debug|Any CPU.ActiveCfg = Debug|Any CPU
		{60DA576F-7BE8-45D1-84E5-056018940EF8}.Debug|Any CPU.Build.0 = Debug|Any CPU
		{60DA576F-7BE8-45D1-84E5-056018940EF8}.Release|Any CPU.ActiveCfg = Release|Any CPU
		{60DA576F-7BE8-45D1-84E5-056018940EF8}.Release|Any CPU.Build.0 = Release|Any CPU
		{54093070-6811-4D1F-B4F6-A7D5C4ADDA02}.Debug|Any CPU.ActiveCfg = Debug|Any CPU
		{54093070-6811-4D1F-B4F6-A7D5C4ADDA02}.Debug|Any CPU.Build.0 = Debug|Any CPU
		{54093070-6811-4D1F-B4F6-A7D5C4ADDA02}.Release|Any CPU.ActiveCfg = Release|Any CPU
		{54093070-6811-4D1F-B4F6-A7D5C4ADDA02}.Release|Any CPU.Build.0 = Release|Any CPU
	EndGlobalSection
	GlobalSection(SolutionProperties) = preSolution
		HideSolutionNode = FALSE
	EndGlobalSection
	GlobalSection(ExtensibilityGlobals) = postSolution
		SolutionGuid = {D9535267-5870-48BB-A30F-AB8F8CD4D9FB}
	EndGlobalSection
EndGlobal
